<?xml version="1.0" encoding="utf-8"?>
<Project ToolsVersion="4.0" xmlns="http://schemas.microsoft.com/developer/msbuild/2003">
  <ItemGroup>
    <Filter Include="Source Files">
      <UniqueIdentifier>{4FC737F1-C7A5-4376-A066-2A32D752A2FF}</UniqueIdentifier>
      <Extensions>cpp;c;cc;cxx;def;odl;idl;hpj;bat;asm;asmx</Extensions>
    </Filter>
    <Filter Include="Header Files">
      <UniqueIdentifier>{93995380-89BD-4b04-88EB-625FBE52EBFB}</UniqueIdentifier>
      <Extensions>h;hh;hpp;hxx;hm;inl;inc;xsd</Extensions>
    </Filter>
    <Filter Include="Resource Files">
      <UniqueIdentifier>{67DA6AB6-F800-4c08-8B7A-83BB121AAD01}</UniqueIdentifier>
      <Extensions>rc;ico;cur;bmp;dlg;rc2;rct;bin;rgs;gif;jpg;jpeg;jpe;resx;tiff;tif;png;wav;mfcribbon-ms</Extensions>
    </Filter>
    <Filter Include="Header Files\Engine">
      <UniqueIdentifier>{37f9404b-3085-4ec0-af7b-de3e0d31f5c4}</UniqueIdentifier>
    </Filter>
    <Filter Include="Source Files\Engine">
      <UniqueIdentifier>{ff2fb144-a854-407c-bb76-e088ae2bc0a9}</UniqueIdentifier>
    </Filter>
    <Filter Include="Header Files\Components">
      <UniqueIdentifier>{4ba6afbc-e92c-45c8-b360-c5f9d85ae05d}</UniqueIdentifier>
    </Filter>
  </ItemGroup>
  <ItemGroup>
    <ClCompile Include="Main.cpp">
      <Filter>Source Files</Filter>
    </ClCompile>
    <ClCompile Include="Engine\System.cpp">
      <Filter>Source Files\Engine</Filter>
    </ClCompile>
    <ClCompile Include="Engine\Engine.cpp">
      <Filter>Source Files\Engine</Filter>
    </ClCompile>
    <ClCompile Include="lib\tinyxml2\tinyxml2.cpp">
      <Filter>Source Files</Filter>
    </ClCompile>
    <ClCompile Include="Engine\GameObject.cpp">
      <Filter>Source Files</Filter>
    </ClCompile>
    <ClCompile Include="Engine\TransformManager.cpp">
      <Filter>Source Files</Filter>
    </ClCompile>
    <ClCompile Include="lib\GL\gl3w.cpp">
      <Filter>Source Files</Filter>
    </ClCompile>
    <ClCompile Include="Engine\Gamepad.cpp">
      <Filter>Source Files</Filter>
    </ClCompile>
    <ClCompile Include="Engine\Camera.cpp">
      <Filter>Source Files</Filter>
    </ClCompile>
    <ClCompile Include="Engine\GraphicsManager.cpp">
      <Filter>Source Files\Engine</Filter>
    </ClCompile>
    <ClCompile Include="Engine\Messaging.cpp">
      <Filter>Source Files\Engine</Filter>
    </ClCompile>
    <ClCompile Include="Engine\ObjectFactory.cpp">
      <Filter>Source Files\Engine</Filter>
    </ClCompile>
    <ClCompile Include="Engine\Shader.cpp">
      <Filter>Source Files\Engine</Filter>
    </ClCompile>
    <ClCompile Include="Engine\ImguiWrapper.cpp">
      <Filter>Source Files</Filter>
    </ClCompile>
    <ClCompile Include="Engine\Editor.cpp">
      <Filter>Source Files</Filter>
    </ClCompile>
    <ClCompile Include="Engine\Serialization.cpp">
      <Filter>Source Files</Filter>
    </ClCompile>
    <ClCompile Include="Engine\InputManager.cpp">
      <Filter>Source Files</Filter>
    </ClCompile>
    <ClCompile Include="Engine\HelperFn.cpp">
      <Filter>Source Files</Filter>
    </ClCompile>
    <ClCompile Include="Engine\LogicManager.cpp">
      <Filter>Source Files</Filter>
    </ClCompile>
    <ClCompile Include="Engine\SoundManager.cpp">
      <Filter>Source Files</Filter>
    </ClCompile>
    <ClCompile Include="Engine\Renderer\TextureLoader.cpp">
      <Filter>Source Files</Filter>
    </ClCompile>
    <ClCompile Include="Engine\Renderer\GLRenderer.cpp">
      <Filter>Source Files</Filter>
    </ClCompile>
    <ClCompile Include="lib\SOIL\image_DXT.cpp">
      <Filter>Source Files</Filter>
    </ClCompile>
    <ClCompile Include="lib\SOIL\image_helper.cpp">
      <Filter>Source Files</Filter>
    </ClCompile>
    <ClCompile Include="lib\SOIL\SOIL.cpp">
      <Filter>Source Files</Filter>
    </ClCompile>
    <ClCompile Include="Engine\ScriptInterface.cpp">
      <Filter>Source Files</Filter>
    </ClCompile>
    <ClCompile Include="Engine\ScriptHelper.cpp">
      <Filter>Source Files</Filter>
    </ClCompile>
    <ClCompile Include="Engine\GridData.cpp">
      <Filter>Source Files</Filter>
    </ClCompile>
    <ClCompile Include="Engine\Tween.cpp">
      <Filter>Source Files</Filter>
    </ClCompile>
    <ClCompile Include="Engine\Renderer\LightManager.cpp">
      <Filter>Source Files</Filter>
    </ClCompile>
    <ClCompile Include="Engine\Physics\Body.cpp">
      <Filter>Source Files</Filter>
    </ClCompile>
    <ClCompile Include="Engine\Physics\Collision.cpp">
      <Filter>Source Files</Filter>
    </ClCompile>
    <ClCompile Include="Engine\Physics\Manifold.cpp">
      <Filter>Source Files</Filter>
    </ClCompile>
    <ClCompile Include="Engine\Physics\PhysicsManager.cpp">
      <Filter>Source Files</Filter>
    </ClCompile>
    <ClCompile Include="Engine\Physics\Shape.cpp">
      <Filter>Source Files</Filter>
    </ClCompile>
    <ClCompile Include="Engine\Physics\World.cpp">
      <Filter>Source Files</Filter>
    </ClCompile>
    <ClCompile Include="Engine\Logger.cpp">
      <Filter>Source Files</Filter>
    </ClCompile>
    <ClCompile Include="Engine\AppConsole.cpp">
      <Filter>Source Files</Filter>
    </ClCompile>
    <ClCompile Include="Engine\FileDialog.cpp">
      <Filter>Source Files</Filter>
    </ClCompile>
    <ClCompile Include="Engine\Tween.cpp">
      <Filter>Source Files</Filter>
    </ClCompile>
    <ClCompile Include="Engine\Renderer\ObjLoader.cpp">
      <Filter>Source Files</Filter>
    </ClCompile>
    <ClCompile Include="Scripts\SplashScreen.cpp">
      <Filter>Source Files</Filter>
    </ClCompile>
    <ClCompile Include="Engine\BaseHandle.cpp">
      <Filter>Source Files</Filter>
    </ClCompile>
    <ClCompile Include="Engine\WaypointManager.cpp">
      <Filter>Source Files</Filter>
    </ClCompile>
    <ClCompile Include="Engine\UITextManager.cpp">
      <Filter>Source Files</Filter>
    </ClCompile>
    <ClCompile Include="Engine\Renderer\ParticleManager.cpp">
      <Filter>Source Files</Filter>
    </ClCompile>
    <ClCompile Include="Engine\Renderer\ParticleEmitter.cpp">
      <Filter>Source Files</Filter>
    </ClCompile>
    <ClCompile Include="Engine\Action.cpp">
      <Filter>Source Files</Filter>
    </ClCompile>
    <ClCompile Include="Engine\ObjectiveManager.cpp">
      <Filter>Source Files</Filter>
    </ClCompile>
    <ClCompile Include="Engine\BaseComponent.cpp">
      <Filter>Source Files</Filter>
    </ClCompile>
    <ClCompile Include="Engine\Math\Vector2.cpp">
      <Filter>Source Files</Filter>
    </ClCompile>
    <ClCompile Include="Engine\Math\Vector3.cpp">
      <Filter>Source Files</Filter>
    </ClCompile>
    <ClCompile Include="Engine\Math\Vector4.cpp">
      <Filter>Source Files</Filter>
    </ClCompile>
    <ClCompile Include="Engine\Math\Matrix4.cpp">
      <Filter>Source Files</Filter>
    </ClCompile>
    <ClCompile Include="Engine\Math\Quaternion.cpp">
      <Filter>Source Files</Filter>
    </ClCompile>
    <ClCompile Include="Scripts\LevelManager.cpp">
      <Filter>Source Files</Filter>
    </ClCompile>
    <ClCompile Include="Engine\Timer.cpp">
      <Filter>Source Files</Filter>
    </ClCompile>
    <ClCompile Include="Scripts\PauseScript.cpp">
      <Filter>Source Files</Filter>
    </ClCompile>
    <ClCompile Include="Scripts\PlaySoundOnStart.cpp">
      <Filter>Source Files</Filter>
    </ClCompile>
    <ClCompile Include="Engine\Renderer\TrailRenderer.cpp">
      <Filter>Source Files</Filter>
    </ClCompile>
    <ClCompile Include="Scripts\Player\PlayerController.cpp">
      <Filter>Source Files</Filter>
    </ClCompile>
    <ClCompile Include="Engine\MTween.cpp">
      <Filter>Source Files</Filter>
    </ClCompile>
    <ClCompile Include="Scripts\MainMenuScript.cpp">
      <Filter>Source Files</Filter>
    </ClCompile>
    <ClCompile Include="Scripts\EndGameScript.cpp">
      <Filter>Source Files</Filter>
    </ClCompile>
    <ClCompile Include="lib\IMGUI\imgui.cpp">
      <Filter>Source Files</Filter>
    </ClCompile>
    <ClCompile Include="lib\IMGUI\imgui_demo.cpp">
      <Filter>Source Files</Filter>
    </ClCompile>
    <ClCompile Include="lib\IMGUI\imgui_draw.cpp">
      <Filter>Source Files</Filter>
    </ClCompile>
    <ClCompile Include="lib\IMGUI\imgui_widgets.cpp">
      <Filter>Source Files</Filter>
    </ClCompile>
    <ClCompile Include="lib\IMGUI\ImGuizmo.cpp">
      <Filter>Source Files</Filter>
    </ClCompile>
    <ClCompile Include="Engine\TagManager.cpp">
      <Filter>Source Files</Filter>
    </ClCompile>
    <ClCompile Include="Engine\Physics\CollisionFilter.cpp">
      <Filter>Source Files</Filter>
    </ClCompile>
    <ClCompile Include="Engine\Physics\NewPhysicsManager.cpp">
      <Filter>Source Files</Filter>
    </ClCompile>
    <ClCompile Include="Scripts\Interact\DoorInteract.cpp">
      <Filter>Source Files</Filter>
    </ClCompile>
    <ClCompile Include="Scripts\Interact\Interact.cpp">
      <Filter>Source Files</Filter>
    </ClCompile>
    <ClCompile Include="Scripts\Interact\ItemInteract.cpp">
      <Filter>Source Files</Filter>
    </ClCompile>
    <ClCompile Include="Scripts\Interact\PickupInteract.cpp">
      <Filter>Source Files</Filter>
    </ClCompile>
    <ClCompile Include="Engine\DialogBoxSystem.cpp">
      <Filter>Source Files</Filter>
    </ClCompile>
    <ClCompile Include="Engine\Sequencer.cpp">
      <Filter>Source Files</Filter>
    </ClCompile>
    <ClCompile Include="Engine\Physics\OpenDynamicsEngine.cpp">
      <Filter>Source Files</Filter>
    </ClCompile>
    <ClCompile Include="Scripts\Trigger\BaseTrigger.cpp">
      <Filter>Source Files</Filter>
    </ClCompile>
    <ClCompile Include="Scripts\Player\Hint.cpp">
      <Filter>Source Files</Filter>
    </ClCompile>
    <ClCompile Include="Scripts\Interact\BarkInteract.cpp">
      <Filter>Source Files</Filter>
    </ClCompile>
    <ClCompile Include="Scripts\Interact\MoveInteract.cpp">
      <Filter>Source Files</Filter>
    </ClCompile>
    <ClCompile Include="Scripts\Interact\ActivateInteract.cpp">
      <Filter>Source Files</Filter>
    </ClCompile>
    <ClCompile Include="Scripts\Interact\PuppyInteract.cpp">
      <Filter>Source Files</Filter>
    </ClCompile>
    <ClCompile Include="Scripts\Interact\PushPullInteract.cpp">
      <Filter>Source Files</Filter>
    </ClCompile>
    <ClCompile Include="Scripts\Interact\SwivelInteract.cpp">
      <Filter>Source Files</Filter>
    </ClCompile>
    <ClCompile Include="Scripts\Etc\RoombaController.cpp">
      <Filter>Source Files</Filter>
    </ClCompile>
    <ClCompile Include="Scripts\Etc\EnableOrDisable.cpp">
      <Filter>Source Files</Filter>
    </ClCompile>
    <ClCompile Include="Scripts\Player\Waypointer.cpp">
      <Filter>Source Files</Filter>
    </ClCompile>
    <ClCompile Include="Scripts\Player\Scent.cpp">
      <Filter>Source Files</Filter>
    </ClCompile>
    <ClCompile Include="Scripts\Trigger\EventTrigger.cpp">
      <Filter>Source Files</Filter>
    </ClCompile>
    <ClCompile Include="Engine\Curve.cpp">
      <Filter>Source Files</Filter>
    </ClCompile>
    <ClCompile Include="Engine\Bezier.cpp">
      <Filter>Source Files</Filter>
    </ClCompile>
    <ClCompile Include="Scripts\Player\PuzzleLock.cpp">
      <Filter>Source Files</Filter>
    </ClCompile>
    <ClCompile Include="Scripts\Player\PuzzleKey.cpp">
      <Filter>Source Files</Filter>
    </ClCompile>
    <ClCompile Include="Scripts\Player\Director.cpp">
      <Filter>Source Files</Filter>
    </ClCompile>
    <ClCompile Include="Engine\AnimationManager.cpp">
      <Filter>Source Files</Filter>
    </ClCompile>
    <ClCompile Include="Scripts\Player\PuzzleKeyHole.cpp">
      <Filter>Source Files</Filter>
    </ClCompile>
    <ClCompile Include="Scripts\Player\CameraTrigger.cpp">
      <Filter>Source Files</Filter>
    </ClCompile>
    <ClCompile Include="Scripts\Player\DirectorTrigger.cpp">
      <Filter>Source Files</Filter>
    </ClCompile>
    <ClCompile Include="Scripts\Interact\FakePlacement.cpp">
      <Filter>Source Files</Filter>
    </ClCompile>
    <ClCompile Include="Scripts\Etc\UIManager.cpp">
      <Filter>Source Files</Filter>
    </ClCompile>
    <ClCompile Include="Scripts\Etc\WaterContainer.cpp">
      <Filter>Source Files</Filter>
    </ClCompile>
    <ClCompile Include="Scripts\Etc\StopFMovin.cpp">
      <Filter>Source Files</Filter>
    </ClCompile>
  </ItemGroup>
  <ItemGroup>
    <ClInclude Include="Engine\DynLinker.h">
      <Filter>Header Files\Engine</Filter>
    </ClInclude>
    <ClInclude Include="Engine\System.h">
      <Filter>Header Files\Engine</Filter>
    </ClInclude>
    <ClInclude Include="Engine\Engine.h">
      <Filter>Header Files\Engine</Filter>
    </ClInclude>
    <ClInclude Include="Engine\BaseManager.h">
      <Filter>Header Files\Engine</Filter>
    </ClInclude>
    <ClInclude Include="Engine\pch.h">
      <Filter>Header Files</Filter>
    </ClInclude>
    <ClInclude Include="Engine\Shader.h">
      <Filter>Header Files\Engine</Filter>
    </ClInclude>
    <ClInclude Include="Engine\ObjectFactory.h">
      <Filter>Header Files\Engine</Filter>
    </ClInclude>
    <ClInclude Include="Engine\Messaging.h">
      <Filter>Header Files\Engine</Filter>
    </ClInclude>
    <ClInclude Include="Engine\Logger.h">
      <Filter>Header Files\Engine</Filter>
    </ClInclude>
    <ClInclude Include="lib\tinyxml2\tinyxml2.h">
      <Filter>Resource Files</Filter>
    </ClInclude>
    <ClInclude Include="resource.h">
      <Filter>Resource Files</Filter>
    </ClInclude>
    <ClInclude Include="Engine\TransformManager.h">
      <Filter>Header Files\Engine</Filter>
    </ClInclude>
    <ClInclude Include="Engine\BaseComponent.h">
      <Filter>Header Files\Components</Filter>
    </ClInclude>
    <ClInclude Include="Engine\GameObject.h">
      <Filter>Header Files\Components</Filter>
    </ClInclude>
    <ClInclude Include="Engine\MsgDataBase.h">
      <Filter>Header Files\Components</Filter>
    </ClInclude>
    <ClInclude Include="Engine\Gamepad.h">
      <Filter>Header Files\Engine</Filter>
    </ClInclude>
    <ClInclude Include="Engine\Camera.h">
      <Filter>Header Files\Engine</Filter>
    </ClInclude>
    <ClInclude Include="Engine\GraphicsManager.h">
      <Filter>Header Files</Filter>
    </ClInclude>
    <ClInclude Include="Engine\ImguiWrapper.h">
      <Filter>Header Files</Filter>
    </ClInclude>
    <ClInclude Include="Engine\Editor.h">
      <Filter>Header Files</Filter>
    </ClInclude>
    <ClInclude Include="Engine\Serialization.h">
      <Filter>Header Files</Filter>
    </ClInclude>
    <ClInclude Include="Engine\InputManager.h">
      <Filter>Header Files</Filter>
    </ClInclude>
    <ClInclude Include="Engine\HelperFn.h">
      <Filter>Header Files</Filter>
    </ClInclude>
    <ClInclude Include="Engine\Key.h">
      <Filter>Header Files</Filter>
    </ClInclude>
    <ClInclude Include="Engine\SoundManager.h">
      <Filter>Header Files</Filter>
    </ClInclude>
    <ClInclude Include="Engine\LogicManager.h">
      <Filter>Header Files</Filter>
    </ClInclude>
    <ClInclude Include="Engine\ScriptInterface.h">
      <Filter>Header Files</Filter>
    </ClInclude>
    <ClInclude Include="Engine\Paths.h">
      <Filter>Header Files</Filter>
    </ClInclude>
    <ClInclude Include="Engine\Renderer\GLRenderer.h">
      <Filter>Header Files</Filter>
    </ClInclude>
    <ClInclude Include="Engine\Renderer\TextureLoader.h">
      <Filter>Header Files</Filter>
    </ClInclude>
    <ClInclude Include="lib\SOIL2\SOIL2.h">
      <Filter>Header Files</Filter>
    </ClInclude>
    <ClInclude Include="lib\SOIL\SOIL.h">
      <Filter>Header Files</Filter>
    </ClInclude>
    <ClInclude Include="lib\SOIL\image_DXT.h">
      <Filter>Header Files</Filter>
    </ClInclude>
    <ClInclude Include="lib\SOIL\image_helper.h">
      <Filter>Header Files</Filter>
    </ClInclude>
    <ClInclude Include="lib\SOIL\stb_image.h">
      <Filter>Header Files</Filter>
    </ClInclude>
    <ClInclude Include="lib\SOIL\stb_image_write.h">
      <Filter>Header Files</Filter>
    </ClInclude>
    <ClInclude Include="Engine\GameObject_type.h">
      <Filter>Header Files</Filter>
    </ClInclude>
    <ClInclude Include="Engine\ScriptHelper.h">
      <Filter>Header Files</Filter>
    </ClInclude>
    <ClInclude Include="Engine\GridData.h">
      <Filter>Header Files</Filter>
    </ClInclude>
    <ClInclude Include="Engine\Tween.h">
      <Filter>Header Files</Filter>
    </ClInclude>
    <ClInclude Include="Engine\Renderer\LightManager.h">
      <Filter>Header Files</Filter>
    </ClInclude>
    <ClInclude Include="Engine\Physics\Body.h">
      <Filter>Header Files</Filter>
    </ClInclude>
    <ClInclude Include="Engine\Physics\Collision.h">
      <Filter>Header Files</Filter>
    </ClInclude>
    <ClInclude Include="Engine\Physics\Manifold.h">
      <Filter>Header Files</Filter>
    </ClInclude>
    <ClInclude Include="Engine\Physics\PhysicsManager.h">
      <Filter>Header Files</Filter>
    </ClInclude>
    <ClInclude Include="Engine\Physics\Shape.h">
      <Filter>Header Files</Filter>
    </ClInclude>
    <ClInclude Include="Engine\Physics\World.h">
      <Filter>Header Files</Filter>
    </ClInclude>
    <ClInclude Include="Engine\AppConsole.h">
      <Filter>Header Files</Filter>
    </ClInclude>
    <ClInclude Include="Engine\FileDialog.h">
      <Filter>Header Files</Filter>
    </ClInclude>
    <ClInclude Include="Engine\Tween.h">
      <Filter>Header Files</Filter>
    </ClInclude>
    <ClInclude Include="Engine\Renderer\ObjLoader.h">
      <Filter>Header Files</Filter>
    </ClInclude>
    <ClInclude Include="Scripts\SplashScreen.h">
      <Filter>Header Files</Filter>
    </ClInclude>
    <ClInclude Include="Engine\BaseHandle.h">
      <Filter>Header Files</Filter>
    </ClInclude>
    <ClInclude Include="Engine\Parenting.h">
      <Filter>Header Files</Filter>
    </ClInclude>
    <ClInclude Include="Engine\ScriptCreator.h">
      <Filter>Header Files</Filter>
    </ClInclude>
    <ClInclude Include="Engine\Physics\ObjectPool.h">
      <Filter>Header Files</Filter>
    </ClInclude>
    <ClInclude Include="Engine\UITextManager.h">
      <Filter>Header Files</Filter>
    </ClInclude>
    <ClInclude Include="Engine\WaypointManager.h">
      <Filter>Header Files</Filter>
    </ClInclude>
    <ClInclude Include="Engine\UITextManager.h">
      <Filter>Header Files</Filter>
    </ClInclude>
    <ClInclude Include="Engine\Renderer\ParticleEmitter.h">
      <Filter>Header Files</Filter>
    </ClInclude>
    <ClInclude Include="Engine\Renderer\ParticleManager.h">
      <Filter>Header Files</Filter>
    </ClInclude>
    <ClInclude Include="Engine\Action.h">
      <Filter>Header Files</Filter>
    </ClInclude>
    <ClInclude Include="Engine\ObjectiveManager.h">
      <Filter>Header Files</Filter>
    </ClInclude>
    <ClInclude Include="Engine\Math\Matrix4.h">
      <Filter>Header Files</Filter>
    </ClInclude>
    <ClInclude Include="Engine\Math\Quaternion.h">
      <Filter>Header Files</Filter>
    </ClInclude>
    <ClInclude Include="Engine\Math\Vector2.h">
      <Filter>Header Files</Filter>
    </ClInclude>
    <ClInclude Include="Engine\Math\Vector3.h">
      <Filter>Header Files</Filter>
    </ClInclude>
    <ClInclude Include="Engine\Math\Vector4.h">
      <Filter>Header Files</Filter>
    </ClInclude>
    <ClInclude Include="Engine\Math\MathExt.h">
      <Filter>Header Files</Filter>
    </ClInclude>
    <ClInclude Include="Scripts\LevelManager.h">
      <Filter>Header Files</Filter>
    </ClInclude>
    <ClInclude Include="Engine\Timer.h">
      <Filter>Header Files</Filter>
    </ClInclude>
    <ClInclude Include="Scripts\PauseScript.h">
      <Filter>Header Files</Filter>
    </ClInclude>
    <ClInclude Include="Scripts\PlaySoundOnStart.h">
      <Filter>Header Files</Filter>
    </ClInclude>
    <ClInclude Include="Engine\Renderer\TrailRenderer.h">
      <Filter>Header Files</Filter>
    </ClInclude>
    <ClInclude Include="Scripts\scriptnames.h">
      <Filter>Header Files</Filter>
    </ClInclude>
    <ClInclude Include="Scripts\scriptIncludes.h">
      <Filter>Header Files</Filter>
    </ClInclude>
    <ClInclude Include="Scripts\Player\PlayerController.h">
      <Filter>Header Files</Filter>
    </ClInclude>
    <ClInclude Include="Engine\MTween.h">
      <Filter>Header Files</Filter>
    </ClInclude>
    <ClInclude Include="Scripts\MainMenuScript.h">
      <Filter>Header Files</Filter>
    </ClInclude>
    <ClInclude Include="Scripts\EndGameScript.h">
      <Filter>Header Files</Filter>
    </ClInclude>
    <ClInclude Include="lib\IMGUI\imconfig.h">
      <Filter>Header Files</Filter>
    </ClInclude>
    <ClInclude Include="lib\IMGUI\imgui.h">
      <Filter>Header Files</Filter>
    </ClInclude>
    <ClInclude Include="lib\IMGUI\imgui_internal.h">
      <Filter>Header Files</Filter>
    </ClInclude>
    <ClInclude Include="lib\IMGUI\ImGuizmo.h">
      <Filter>Header Files</Filter>
    </ClInclude>
    <ClInclude Include="lib\IMGUI\imstb_rectpack.h">
      <Filter>Header Files</Filter>
    </ClInclude>
    <ClInclude Include="lib\IMGUI\imstb_textedit.h">
      <Filter>Header Files</Filter>
    </ClInclude>
    <ClInclude Include="lib\IMGUI\imstb_truetype.h">
      <Filter>Header Files</Filter>
    </ClInclude>
    <ClInclude Include="lib\IMGUI\stb_truetype.h">
      <Filter>Header Files</Filter>
    </ClInclude>
    <ClInclude Include="Engine\TagManager.h">
      <Filter>Header Files</Filter>
    </ClInclude>
    <ClInclude Include="Engine\Physics\CollisionFilter.h">
      <Filter>Header Files</Filter>
    </ClInclude>
    <ClInclude Include="Engine\Physics\NewPhysicsManager.h">
      <Filter>Header Files</Filter>
    </ClInclude>
    <ClInclude Include="Scripts\Interact\Interact.h">
      <Filter>Header Files</Filter>
    </ClInclude>
    <ClInclude Include="Scripts\Interact\DoorInteract.h">
      <Filter>Header Files</Filter>
    </ClInclude>
    <ClInclude Include="Scripts\Interact\ItemInteract.h">
      <Filter>Header Files</Filter>
    </ClInclude>
    <ClInclude Include="Scripts\Interact\PickupInteract.h">
      <Filter>Header Files</Filter>
    </ClInclude>
    <ClInclude Include="Engine\DialogBoxSystem.h">
      <Filter>Header Files</Filter>
    </ClInclude>
    <ClInclude Include="Engine\Sequencer.h">
      <Filter>Header Files</Filter>
    </ClInclude>
    <ClInclude Include="Engine\Physics\OpenDynamicsEngine.h">
      <Filter>Header Files</Filter>
    </ClInclude>
    <ClInclude Include="Scripts\Trigger\BaseTrigger.h">
      <Filter>Header Files</Filter>
    </ClInclude>
    <ClInclude Include="Scripts\Player\Hint.h">
      <Filter>Header Files</Filter>
    </ClInclude>
    <ClInclude Include="Scripts\Interact\BarkInteract.h">
      <Filter>Header Files</Filter>
    </ClInclude>
    <ClInclude Include="Scripts\Interact\MoveInteract.h">
      <Filter>Header Files</Filter>
    </ClInclude>
    <ClInclude Include="Scripts\Interact\ActivateInteract.h">
      <Filter>Header Files</Filter>
    </ClInclude>
    <ClInclude Include="Scripts\Interact\PuppyInteract.h">
      <Filter>Header Files</Filter>
    </ClInclude>
    <ClInclude Include="Scripts\Interact\PushPullInteract.h">
      <Filter>Header Files</Filter>
    </ClInclude>
    <ClInclude Include="Scripts\Interact\SwivelInteract.h">
      <Filter>Header Files</Filter>
    </ClInclude>
    <ClInclude Include="Scripts\Etc\RoombaController.h">
      <Filter>Header Files</Filter>
    </ClInclude>
    <ClInclude Include="Scripts\Etc\EnableOrDiasble.h">
      <Filter>Header Files</Filter>
    </ClInclude>
    <ClInclude Include="Scripts\Player\Waypointer.h">
      <Filter>Header Files</Filter>
    </ClInclude>
    <ClInclude Include="Scripts\Player\Scent.h">
      <Filter>Header Files</Filter>
    </ClInclude>
    <ClInclude Include="Scripts\Trigger\EventTrigger.h">
      <Filter>Header Files</Filter>
    </ClInclude>
    <ClInclude Include="Engine\Curve.h">
      <Filter>Header Files</Filter>
    </ClInclude>
    <ClInclude Include="Engine\Bezier.h">
      <Filter>Header Files</Filter>
    </ClInclude>
    <ClInclude Include="Scripts\Player\PuzzleLock.h">
      <Filter>Header Files</Filter>
    </ClInclude>
    <ClInclude Include="Scripts\Player\PuzzleKey.h">
      <Filter>Header Files</Filter>
    </ClInclude>
    <ClInclude Include="Scripts\Player\Director.h">
      <Filter>Header Files</Filter>
    </ClInclude>
    <ClInclude Include="Engine\AnimationManager.h">
      <Filter>Header Files</Filter>
    </ClInclude>
    <ClInclude Include="Scripts\Player\PuzzleKeyHole.h">
      <Filter>Header Files</Filter>
    </ClInclude>
    <ClInclude Include="Scripts\Player\CameraTrigger.h">
      <Filter>Header Files</Filter>
    </ClInclude>
    <ClInclude Include="Scripts\Player\DirectorTrigger.h">
      <Filter>Header Files</Filter>
    </ClInclude>
    <ClInclude Include="Scripts\Interact\FakePlacement.h">
      <Filter>Header Files</Filter>
    </ClInclude>
    <ClInclude Include="Scripts\Etc\UIManager.h">
      <Filter>Header Files</Filter>
    </ClInclude>
    <ClInclude Include="Scripts\Etc\WaterContainer.h">
      <Filter>Header Files</Filter>
    </ClInclude>
    <ClInclude Include="Scripts\Etc\StopFMovin.h">
      <Filter>Header Files</Filter>
    </ClInclude>
  </ItemGroup>
  <ItemGroup>
    <ResourceCompile Include="AscendEngine.rc">
      <Filter>Resource Files</Filter>
    </ResourceCompile>
  </ItemGroup>
  <ItemGroup>
    <Image Include="Assets\Tower.ico">
      <Filter>Resource Files</Filter>
    </Image>
  </ItemGroup>
  <ItemGroup>
    <None Include="cpp.hint" />
  </ItemGroup>
</Project>